
Microsoft Visual Studio Solution File, Format Version 12.00
# Visual Studio Version 17
VisualStudioVersion = 17.13.35825.156 d17.13
MinimumVisualStudioVersion = 10.0.40219.1
Project("{FAE04EC0-301F-11D3-BF4B-00C04F79EFBC}") = "CryptoSim", "CryptoSim.csproj", "{6107DB4A-A8D9-42B4-8A56-F581376AEC57}"
EndProject
Global
	GlobalSection(SolutionConfigurationPlatforms) = preSolution
		Debug|Any CPU = Debug|Any CPU
		Release|Any CPU = Release|Any CPU
	EndGlobalSection
	GlobalSection(ProjectConfigurationPlatforms) = postSolution
		{6107DB4A-A8D9-42B4-8A56-F581376AEC57}.Debug|Any CPU.ActiveCfg = Debug|Any CPU
		{6107DB4A-A8D9-42B4-8A56-F581376AEC57}.Debug|Any CPU.Build.0 = Debug|Any CPU
		{6107DB4A-A8D9-42B4-8A56-F581376AEC57}.Release|Any CPU.ActiveCfg = Release|Any CPU
		{6107DB4A-A8D9-42B4-8A56-F581376AEC57}.Release|Any CPU.Build.0 = Release|Any CPU
	EndGlobalSection
	GlobalSection(SolutionProperties) = preSolution
		HideSolutionNode = FALSE
	EndGlobalSection
	GlobalSection(ExtensibilityGlobals) = postSolution
		SolutionGuid = {D3FA5F19-00B1-4954-9E78-4B1B3FA30052}
	EndGlobalSection
EndGlobal
